
Microsoft Visual Studio Solution File, Format Version 12.00
# Visual Studio Version 17
VisualStudioVersion = 17.8.34330.188
MinimumVisualStudioVersion = 10.0.40219.1
Project("{2150E333-8FDC-42A3-9474-1A3956D46DE8}") = "src", "src", "{0D86E56C-35F7-465E-9DCC-8DB0E87599D6}"
EndProject
Project("{2150E333-8FDC-42A3-9474-1A3956D46DE8}") = "Core", "Core", "{8F36F092-1E36-46CA-97E2-A10FA2EFB15A}"
EndProject
Project("{2150E333-8FDC-42A3-9474-1A3956D46DE8}") = "Domain", "Domain", "{5E6C5ADA-D919-46E9-99A4-3E07B049B9F8}"
EndProject
Project("{2150E333-8FDC-42A3-9474-1A3956D46DE8}") = "Application", "Application", "{21B2F7CC-A86D-43C5-B724-4343D303D3FC}"
EndProject
Project("{2150E333-8FDC-42A3-9474-1A3956D46DE8}") = "Infrastructure", "Infrastructure", "{B1322936-17BE-476B-A235-50C512643D75}"
EndProject
Project("{2150E333-8FDC-42A3-9474-1A3956D46DE8}") = "API", "API", "{4701385C-6E7E-43A7-8B02-04DD0F90E81E}"
EndProject
Project("{9A19103F-16F7-4668-BE54-9A1E7A4F7556}") = "Blissfully.Domain", "Blissfully.Domain\Blissfully.Domain.csproj", "{05335445-E7F0-4BEA-8CD3-4385B91C4D65}"
EndProject
Project("{9A19103F-16F7-4668-BE54-9A1E7A4F7556}") = "Blissfully.Infrastructure", "Blissfully.Infrastructure\Blissfully.Infrastructure.csproj", "{94895C44-9B62-4A83-A03B-CAB85434EE41}"
EndProject
Project("{9A19103F-16F7-4668-BE54-9A1E7A4F7556}") = "Blissfully.API", "Blissfully.API\Blissfully.API.csproj", "{BB9E1D3B-2ED9-4FFD-93F5-D5F2003A953B}"
EndProject
Project("{9A19103F-16F7-4668-BE54-9A1E7A4F7556}") = "Blissfully.Application", "Blissfully.Application\Blissfully.Application.csproj", "{E6EEB437-3A67-4D44-953E-D8A001011E36}"
EndProject
Project("{9A19103F-16F7-4668-BE54-9A1E7A4F7556}") = "Blissfully.Identity", "Blissfully.Identity\Blissfully.Identity.csproj", "{65E92902-6DBC-4C33-91B2-7AFDBD4A6ACE}"
EndProject
Global
	GlobalSection(SolutionConfigurationPlatforms) = preSolution
		Debug|Any CPU = Debug|Any CPU
		Release|Any CPU = Release|Any CPU
	EndGlobalSection
	GlobalSection(ProjectConfigurationPlatforms) = postSolution
		{05335445-E7F0-4BEA-8CD3-4385B91C4D65}.Debug|Any CPU.ActiveCfg = Debug|Any CPU
		{05335445-E7F0-4BEA-8CD3-4385B91C4D65}.Debug|Any CPU.Build.0 = Debug|Any CPU
		{05335445-E7F0-4BEA-8CD3-4385B91C4D65}.Release|Any CPU.ActiveCfg = Release|Any CPU
		{05335445-E7F0-4BEA-8CD3-4385B91C4D65}.Release|Any CPU.Build.0 = Release|Any CPU
		{94895C44-9B62-4A83-A03B-CAB85434EE41}.Debug|Any CPU.ActiveCfg = Debug|Any CPU
		{94895C44-9B62-4A83-A03B-CAB85434EE41}.Debug|Any CPU.Build.0 = Debug|Any CPU
		{94895C44-9B62-4A83-A03B-CAB85434EE41}.Release|Any CPU.ActiveCfg = Release|Any CPU
		{94895C44-9B62-4A83-A03B-CAB85434EE41}.Release|Any CPU.Build.0 = Release|Any CPU
		{BB9E1D3B-2ED9-4FFD-93F5-D5F2003A953B}.Debug|Any CPU.ActiveCfg = Debug|Any CPU
		{BB9E1D3B-2ED9-4FFD-93F5-D5F2003A953B}.Debug|Any CPU.Build.0 = Debug|Any CPU
		{BB9E1D3B-2ED9-4FFD-93F5-D5F2003A953B}.Release|Any CPU.ActiveCfg = Release|Any CPU
		{BB9E1D3B-2ED9-4FFD-93F5-D5F2003A953B}.Release|Any CPU.Build.0 = Release|Any CPU
		{E6EEB437-3A67-4D44-953E-D8A001011E36}.Debug|Any CPU.ActiveCfg = Debug|Any CPU
		{E6EEB437-3A67-4D44-953E-D8A001011E36}.Debug|Any CPU.Build.0 = Debug|Any CPU
		{E6EEB437-3A67-4D44-953E-D8A001011E36}.Release|Any CPU.ActiveCfg = Release|Any CPU
		{E6EEB437-3A67-4D44-953E-D8A001011E36}.Release|Any CPU.Build.0 = Release|Any CPU
		{65E92902-6DBC-4C33-91B2-7AFDBD4A6ACE}.Debug|Any CPU.ActiveCfg = Debug|Any CPU
		{65E92902-6DBC-4C33-91B2-7AFDBD4A6ACE}.Debug|Any CPU.Build.0 = Debug|Any CPU
		{65E92902-6DBC-4C33-91B2-7AFDBD4A6ACE}.Release|Any CPU.ActiveCfg = Release|Any CPU
		{65E92902-6DBC-4C33-91B2-7AFDBD4A6ACE}.Release|Any CPU.Build.0 = Release|Any CPU
	EndGlobalSection
	GlobalSection(SolutionProperties) = preSolution
		HideSolutionNode = FALSE
	EndGlobalSection
	GlobalSection(NestedProjects) = preSolution
		{8F36F092-1E36-46CA-97E2-A10FA2EFB15A} = {0D86E56C-35F7-465E-9DCC-8DB0E87599D6}
		{5E6C5ADA-D919-46E9-99A4-3E07B049B9F8} = {8F36F092-1E36-46CA-97E2-A10FA2EFB15A}
		{21B2F7CC-A86D-43C5-B724-4343D303D3FC} = {8F36F092-1E36-46CA-97E2-A10FA2EFB15A}
		{B1322936-17BE-476B-A235-50C512643D75} = {0D86E56C-35F7-465E-9DCC-8DB0E87599D6}
		{4701385C-6E7E-43A7-8B02-04DD0F90E81E} = {0D86E56C-35F7-465E-9DCC-8DB0E87599D6}
		{05335445-E7F0-4BEA-8CD3-4385B91C4D65} = {5E6C5ADA-D919-46E9-99A4-3E07B049B9F8}
		{94895C44-9B62-4A83-A03B-CAB85434EE41} = {B1322936-17BE-476B-A235-50C512643D75}
		{BB9E1D3B-2ED9-4FFD-93F5-D5F2003A953B} = {4701385C-6E7E-43A7-8B02-04DD0F90E81E}
		{E6EEB437-3A67-4D44-953E-D8A001011E36} = {21B2F7CC-A86D-43C5-B724-4343D303D3FC}
		{65E92902-6DBC-4C33-91B2-7AFDBD4A6ACE} = {B1322936-17BE-476B-A235-50C512643D75}
	EndGlobalSection
	GlobalSection(ExtensibilityGlobals) = postSolution
		SolutionGuid = {405CC219-C790-4E13-8893-B336B3756C24}
	EndGlobalSection
EndGlobal
